{
  "name": "@umituz/react-native-splash",
  "version": "1.8.1",
  "lockfileVersion": 3,
  "requires": true,
  "packages": {
    "": {
      "name": "@umituz/react-native-splash",
      "version": "1.8.1",
      "license": "MIT",
      "devDependencies": {
        "@types/react": "~19.1.0",
        "typescript": "~5.9.2"
      },
      "peerDependencies": {
        "@umituz/react-native-design-system-atoms": "latest",
        "@umituz/react-native-design-system-theme": "latest",
        "@umituz/react-native-localization": "latest",
        "expo-linear-gradient": ">=14.0.0",
        "react": ">=18.2.0",
        "react-native": ">=0.74.0",
        "react-native-safe-area-context": ">=4.0.0"
      }
    },
    "node_modules/@types/react": {
      "version": "19.1.17",
      "resolved": "https://registry.npmjs.org/@types/react/-/react-19.1.17.tgz",
      "integrity": "sha512-Qec1E3mhALmaspIrhWt9jkQMNdw6bReVu64mjvhbhq2NFPftLPVr+l1SZgmw/66WwBNpDh7ao5AT6gF5v41PFA==",
      "dev": true,
      "license": "MIT",
      "dependencies": {
        "csstype": "^3.0.2"
      }
    },
    "node_modules/csstype": {
      "version": "3.2.3",
      "resolved": "https://registry.npmjs.org/csstype/-/csstype-3.2.3.tgz",
      "integrity": "sha512-z1HGKcYy2xA8AGQfwrn0PAy+PB7X/GSj3UVJW9qKyn43xWa+gl5nXmU4qqLMRzWVLFC8KusUX8T/0kCiOYpAIQ==",
      "dev": true,
      "license": "MIT"
    },
    "node_modules/typescript": {
      "version": "5.9.3",
      "resolved": "https://registry.npmjs.org/typescript/-/typescript-5.9.3.tgz",
      "integrity": "sha512-jl1vZzPDinLr9eUt3J/t7V6FgNEw9QjvBPdysz9KfQDD41fQrC2Y4vKQdiaUpFT4bXlb1RHhLpp8wtm6M5TgSw==",
      "dev": true,
      "license": "Apache-2.0",
      "bin": {
        "tsc": "bin/tsc",
        "tsserver": "bin/tsserver"
      },
      "engines": {
        "node": ">=14.17"
      }
    }
  }
}
